
Microsoft Visual Studio Solution File, Format Version 12.00
# Visual Studio Version 17
VisualStudioVersion = 17.0.31903.59
MinimumVisualStudioVersion = 10.0.40219.1
Project("{FAE04EC0-301F-11D3-BF4B-00C04F79EFBC}") = "API", "API\API.csproj", "{BF69E4CC-0729-4DD3-A202-64EC4BA1D94A}"
EndProject
Project("{FAE04EC0-301F-11D3-BF4B-00C04F79EFBC}") = "Application", "Application\Application.csproj", "{A3A632AB-3151-43CF-94BA-5CB21C199822}"
EndProject
Project("{FAE04EC0-301F-11D3-BF4B-00C04F79EFBC}") = "Domain", "Domain\Domain.csproj", "{CCCB5DE8-8611-44E0-96E8-7105F7EA13BD}"
EndProject
Project("{FAE04EC0-301F-11D3-BF4B-00C04F79EFBC}") = "Persistence", "Persistence\Persistence.csproj", "{E492DE0B-79D8-4187-B323-FEC3AEEA2E96}"
EndProject
Global
	GlobalSection(SolutionConfigurationPlatforms) = preSolution
		Debug|Any CPU = Debug|Any CPU
		Release|Any CPU = Release|Any CPU
	EndGlobalSection
	GlobalSection(SolutionProperties) = preSolution
		HideSolutionNode = FALSE
	EndGlobalSection
	GlobalSection(ProjectConfigurationPlatforms) = postSolution
		{BF69E4CC-0729-4DD3-A202-64EC4BA1D94A}.Debug|Any CPU.ActiveCfg = Debug|Any CPU
		{BF69E4CC-0729-4DD3-A202-64EC4BA1D94A}.Debug|Any CPU.Build.0 = Debug|Any CPU
		{BF69E4CC-0729-4DD3-A202-64EC4BA1D94A}.Release|Any CPU.ActiveCfg = Release|Any CPU
		{BF69E4CC-0729-4DD3-A202-64EC4BA1D94A}.Release|Any CPU.Build.0 = Release|Any CPU
		{A3A632AB-3151-43CF-94BA-5CB21C199822}.Debug|Any CPU.ActiveCfg = Debug|Any CPU
		{A3A632AB-3151-43CF-94BA-5CB21C199822}.Debug|Any CPU.Build.0 = Debug|Any CPU
		{A3A632AB-3151-43CF-94BA-5CB21C199822}.Release|Any CPU.ActiveCfg = Release|Any CPU
		{A3A632AB-3151-43CF-94BA-5CB21C199822}.Release|Any CPU.Build.0 = Release|Any CPU
		{CCCB5DE8-8611-44E0-96E8-7105F7EA13BD}.Debug|Any CPU.ActiveCfg = Debug|Any CPU
		{CCCB5DE8-8611-44E0-96E8-7105F7EA13BD}.Debug|Any CPU.Build.0 = Debug|Any CPU
		{CCCB5DE8-8611-44E0-96E8-7105F7EA13BD}.Release|Any CPU.ActiveCfg = Release|Any CPU
		{CCCB5DE8-8611-44E0-96E8-7105F7EA13BD}.Release|Any CPU.Build.0 = Release|Any CPU
		{E492DE0B-79D8-4187-B323-FEC3AEEA2E96}.Debug|Any CPU.ActiveCfg = Debug|Any CPU
		{E492DE0B-79D8-4187-B323-FEC3AEEA2E96}.Debug|Any CPU.Build.0 = Debug|Any CPU
		{E492DE0B-79D8-4187-B323-FEC3AEEA2E96}.Release|Any CPU.ActiveCfg = Release|Any CPU
		{E492DE0B-79D8-4187-B323-FEC3AEEA2E96}.Release|Any CPU.Build.0 = Release|Any CPU
	EndGlobalSection
EndGlobal
